
Microsoft Visual Studio Solution File, Format Version 12.00
# Visual Studio 15
Project("{FAE04EC0-301F-11D3-BF4B-00C04F79EFBC}") = "Assembly-CSharp", "Assembly-CSharp.csproj", "{2852985F-1D44-801C-90FC-7F92489AD727}"
EndProject
Project("{FAE04EC0-301F-11D3-BF4B-00C04F79EFBC}") = "Assembly-CSharp-firstpass", "Assembly-CSharp-firstpass.csproj", "{A394275E-68FE-B426-A256-B6F199B47DF7}"
EndProject
Project("{FAE04EC0-301F-11D3-BF4B-00C04F79EFBC}") = "Assembly-CSharp-Editor", "Assembly-CSharp-Editor.csproj", "{743199EF-CDC7-3E22-D81F-12C9C241BC5F}"
EndProject
Global
	GlobalSection(SolutionConfigurationPlatforms) = preSolution
		Debug|Any CPU = Debug|Any CPU
		Release|Any CPU = Release|Any CPU
	EndGlobalSection
	GlobalSection(ProjectConfigurationPlatforms) = postSolution
		{2852985F-1D44-801C-90FC-7F92489AD727}.Debug|Any CPU.ActiveCfg = Debug|Any CPU
		{2852985F-1D44-801C-90FC-7F92489AD727}.Debug|Any CPU.Build.0 = Debug|Any CPU
		{2852985F-1D44-801C-90FC-7F92489AD727}.Release|Any CPU.ActiveCfg = Release|Any CPU
		{2852985F-1D44-801C-90FC-7F92489AD727}.Release|Any CPU.Build.0 = Release|Any CPU
		{A394275E-68FE-B426-A256-B6F199B47DF7}.Debug|Any CPU.ActiveCfg = Debug|Any CPU
		{A394275E-68FE-B426-A256-B6F199B47DF7}.Debug|Any CPU.Build.0 = Debug|Any CPU
		{A394275E-68FE-B426-A256-B6F199B47DF7}.Release|Any CPU.ActiveCfg = Release|Any CPU
		{A394275E-68FE-B426-A256-B6F199B47DF7}.Release|Any CPU.Build.0 = Release|Any CPU
		{743199EF-CDC7-3E22-D81F-12C9C241BC5F}.Debug|Any CPU.ActiveCfg = Debug|Any CPU
		{743199EF-CDC7-3E22-D81F-12C9C241BC5F}.Debug|Any CPU.Build.0 = Debug|Any CPU
		{743199EF-CDC7-3E22-D81F-12C9C241BC5F}.Release|Any CPU.ActiveCfg = Release|Any CPU
		{743199EF-CDC7-3E22-D81F-12C9C241BC5F}.Release|Any CPU.Build.0 = Release|Any CPU
	EndGlobalSection
	GlobalSection(SolutionProperties) = preSolution
		HideSolutionNode = FALSE
	EndGlobalSection
EndGlobal
